
Microsoft Visual Studio Solution File, Format Version 12.00
# Visual Studio Version 17
VisualStudioVersion = 17.6.33815.320
MinimumVisualStudioVersion = 10.0.40219.1
Project("{FAE04EC0-301F-11D3-BF4B-00C04F79EFBC}") = "DZ_WinForms_week_1_-_5", "DZ_WinForms_week_1_-_5\DZ_WinForms_week_1_-_5.csproj", "{AE992D00-6FE8-460A-86B3-5D812BB5FAC0}"
EndProject
Global
	GlobalSection(SolutionConfigurationPlatforms) = preSolution
		Debug|Any CPU = Debug|Any CPU
		Release|Any CPU = Release|Any CPU
	EndGlobalSection
	GlobalSection(ProjectConfigurationPlatforms) = postSolution
		{AE992D00-6FE8-460A-86B3-5D812BB5FAC0}.Debug|Any CPU.ActiveCfg = Debug|Any CPU
		{AE992D00-6FE8-460A-86B3-5D812BB5FAC0}.Debug|Any CPU.Build.0 = Debug|Any CPU
		{AE992D00-6FE8-460A-86B3-5D812BB5FAC0}.Release|Any CPU.ActiveCfg = Release|Any CPU
		{AE992D00-6FE8-460A-86B3-5D812BB5FAC0}.Release|Any CPU.Build.0 = Release|Any CPU
	EndGlobalSection
	GlobalSection(SolutionProperties) = preSolution
		HideSolutionNode = FALSE
	EndGlobalSection
	GlobalSection(ExtensibilityGlobals) = postSolution
		SolutionGuid = {6A1238EF-9B28-4BC3-BFD4-FF777625B0F7}
	EndGlobalSection
EndGlobal
